
Microsoft Visual Studio Solution File, Format Version 12.00
# Visual Studio Version 16
VisualStudioVersion = 16.0.30225.117
MinimumVisualStudioVersion = 10.0.40219.1
Project("{FAE04EC0-301F-11D3-BF4B-00C04F79EFBC}") = "Lab09LINQInManhattan", "Lab09LINQInManhattan\Lab09LINQInManhattan.csproj", "{5262FE4E-EFD0-402E-8AEF-D4A5956DFD05}"
EndProject
Global
	GlobalSection(SolutionConfigurationPlatforms) = preSolution
		Debug|Any CPU = Debug|Any CPU
		Release|Any CPU = Release|Any CPU
	EndGlobalSection
	GlobalSection(ProjectConfigurationPlatforms) = postSolution
		{5262FE4E-EFD0-402E-8AEF-D4A5956DFD05}.Debug|Any CPU.ActiveCfg = Debug|Any CPU
		{5262FE4E-EFD0-402E-8AEF-D4A5956DFD05}.Debug|Any CPU.Build.0 = Debug|Any CPU
		{5262FE4E-EFD0-402E-8AEF-D4A5956DFD05}.Release|Any CPU.ActiveCfg = Release|Any CPU
		{5262FE4E-EFD0-402E-8AEF-D4A5956DFD05}.Release|Any CPU.Build.0 = Release|Any CPU
	EndGlobalSection
	GlobalSection(SolutionProperties) = preSolution
		HideSolutionNode = FALSE
	EndGlobalSection
	GlobalSection(ExtensibilityGlobals) = postSolution
		SolutionGuid = {85EFC000-1FD9-4A4F-87DD-07E1587C3F9F}
	EndGlobalSection
EndGlobal
